
Microsoft Visual Studio Solution File, Format Version 12.00
# Visual Studio 2012
Project("{FAE04EC0-301F-11D3-BF4B-00C04F79EFBC}") = "GameEngine", "GameEngine\GameEngine\GameEngine.csproj", "{7086A9DE-62ED-488C-B88A-99E4023421A2}"
EndProject
Project("{96E2B04D-8817-42C6-938A-82C39BA4D311}") = "GameEngineContent", "GameEngine\GameEngineContent\GameEngineContent.contentproj", "{8C9CF871-1E25-4CC3-B157-D7D76C7DEAA8}"
EndProject
Global
	GlobalSection(SolutionConfigurationPlatforms) = preSolution
		Debug|x86 = Debug|x86
		Release|x86 = Release|x86
	EndGlobalSection
	GlobalSection(ProjectConfigurationPlatforms) = postSolution
		{7086A9DE-62ED-488C-B88A-99E4023421A2}.Debug|x86.ActiveCfg = Debug|x86
		{7086A9DE-62ED-488C-B88A-99E4023421A2}.Debug|x86.Build.0 = Debug|x86
		{7086A9DE-62ED-488C-B88A-99E4023421A2}.Release|x86.ActiveCfg = Release|x86
		{7086A9DE-62ED-488C-B88A-99E4023421A2}.Release|x86.Build.0 = Release|x86
		{8C9CF871-1E25-4CC3-B157-D7D76C7DEAA8}.Debug|x86.ActiveCfg = Debug|x86
		{8C9CF871-1E25-4CC3-B157-D7D76C7DEAA8}.Release|x86.ActiveCfg = Release|x86
	EndGlobalSection
	GlobalSection(SolutionProperties) = preSolution
		HideSolutionNode = FALSE
	EndGlobalSection
EndGlobal
